
Microsoft Visual Studio Solution File, Format Version 12.00
# Visual Studio Version 17
VisualStudioVersion = 17.4.33213.308
MinimumVisualStudioVersion = 10.0.40219.1
Project("{FAE04EC0-301F-11D3-BF4B-00C04F79EFBC}") = "Jurnal_Modul_6", "Jurnal_Modul_6.csproj", "{E5DDE364-22D4-40EB-8577-28DDDD3DF0C6}"
EndProject
Global
	GlobalSection(SolutionConfigurationPlatforms) = preSolution
		Debug|Any CPU = Debug|Any CPU
		Release|Any CPU = Release|Any CPU
	EndGlobalSection
	GlobalSection(ProjectConfigurationPlatforms) = postSolution
		{E5DDE364-22D4-40EB-8577-28DDDD3DF0C6}.Debug|Any CPU.ActiveCfg = Debug|Any CPU
		{E5DDE364-22D4-40EB-8577-28DDDD3DF0C6}.Debug|Any CPU.Build.0 = Debug|Any CPU
		{E5DDE364-22D4-40EB-8577-28DDDD3DF0C6}.Release|Any CPU.ActiveCfg = Release|Any CPU
		{E5DDE364-22D4-40EB-8577-28DDDD3DF0C6}.Release|Any CPU.Build.0 = Release|Any CPU
	EndGlobalSection
	GlobalSection(SolutionProperties) = preSolution
		HideSolutionNode = FALSE
	EndGlobalSection
	GlobalSection(ExtensibilityGlobals) = postSolution
		SolutionGuid = {27379B8A-DF9A-4CC9-AD7E-7946B5EAF80E}
	EndGlobalSection
EndGlobal
